
Microsoft Visual Studio Solution File, Format Version 12.00
# Visual Studio Version 17
VisualStudioVersion = 17.1.32421.90
MinimumVisualStudioVersion = 10.0.40219.1
Project("{888888A0-9F3D-457C-B088-3A5042F75D52}") = "DSA Project", "DSA Project\DSA Project.pyproj", "{A36E03E9-B2D1-4D62-A710-4C19A2AFCA59}"
EndProject
Global
	GlobalSection(SolutionConfigurationPlatforms) = preSolution
		Debug|Any CPU = Debug|Any CPU
		Release|Any CPU = Release|Any CPU
	EndGlobalSection
	GlobalSection(ProjectConfigurationPlatforms) = postSolution
		{A36E03E9-B2D1-4D62-A710-4C19A2AFCA59}.Debug|Any CPU.ActiveCfg = Debug|Any CPU
		{A36E03E9-B2D1-4D62-A710-4C19A2AFCA59}.Release|Any CPU.ActiveCfg = Release|Any CPU
	EndGlobalSection
	GlobalSection(SolutionProperties) = preSolution
		HideSolutionNode = FALSE
	EndGlobalSection
	GlobalSection(ExtensibilityGlobals) = postSolution
		SolutionGuid = {2692663A-FB0C-4354-A610-BAF0AB919647}
	EndGlobalSection
EndGlobal
